
Microsoft Visual Studio Solution File, Format Version 12.00
# Visual Studio Version 17
VisualStudioVersion = 17.10.35013.160
MinimumVisualStudioVersion = 10.0.40219.1
Project("{FAE04EC0-301F-11D3-BF4B-00C04F79EFBC}") = "MagicVilla_VillaAPI", "MagicVilla_VillaAPI\MagicVilla_VillaAPI.csproj", "{ADBA6AC3-A1D4-40C6-9A26-0D6D88573F3D}"
EndProject
Global
	GlobalSection(SolutionConfigurationPlatforms) = preSolution
		Debug|Any CPU = Debug|Any CPU
		Release|Any CPU = Release|Any CPU
	EndGlobalSection
	GlobalSection(ProjectConfigurationPlatforms) = postSolution
		{ADBA6AC3-A1D4-40C6-9A26-0D6D88573F3D}.Debug|Any CPU.ActiveCfg = Debug|Any CPU
		{ADBA6AC3-A1D4-40C6-9A26-0D6D88573F3D}.Debug|Any CPU.Build.0 = Debug|Any CPU
		{ADBA6AC3-A1D4-40C6-9A26-0D6D88573F3D}.Release|Any CPU.ActiveCfg = Release|Any CPU
		{ADBA6AC3-A1D4-40C6-9A26-0D6D88573F3D}.Release|Any CPU.Build.0 = Release|Any CPU
	EndGlobalSection
	GlobalSection(SolutionProperties) = preSolution
		HideSolutionNode = FALSE
	EndGlobalSection
	GlobalSection(ExtensibilityGlobals) = postSolution
		SolutionGuid = {C78BA473-3BF4-41BC-ACC2-4286F6E590A1}
	EndGlobalSection
EndGlobal
